// !$*UTF8*$!
{
	archiveVersion = 1;
	classes = {
	};
	objectVersion = 50;
	objects = {

/* Begin PBXBuildFile section */
		C81AA38D2607A7BF00313402 /* HomeViewSlider.swift in Sources */ = {isa = PBXBuildFile; fileRef = C81AA38C2607A7BF00313402 /* HomeViewSlider.swift */; };
		C81AA3902607A83400313402 /* HomeViewAddButton.swift in Sources */ = {isa = PBXBuildFile; fileRef = C81AA38F2607A83400313402 /* HomeViewAddButton.swift */; };
		C81AA3932607A86B00313402 /* HomeViewExtraButtons.swift in Sources */ = {isa = PBXBuildFile; fileRef = C81AA3922607A86B00313402 /* HomeViewExtraButtons.swift */; };
		C8A93ABF2604143B00912C35 /* dCalcApp.swift in Sources */ = {isa = PBXBuildFile; fileRef = C8A93ABE2604143B00912C35 /* dCalcApp.swift */; };
		C8A93AC12604143B00912C35 /* MainView.swift in Sources */ = {isa = PBXBuildFile; fileRef = C8A93AC02604143B00912C35 /* MainView.swift */; };
		C8A93AC32604143C00912C35 /* Assets.xcassets in Resources */ = {isa = PBXBuildFile; fileRef = C8A93AC22604143C00912C35 /* Assets.xcassets */; };
		C8A93AC62604143C00912C35 /* Preview Assets.xcassets in Resources */ = {isa = PBXBuildFile; fileRef = C8A93AC52604143C00912C35 /* Preview Assets.xcassets */; };
		C8A93AD12604176A00912C35 /* HomeView.swift in Sources */ = {isa = PBXBuildFile; fileRef = C8A93AD02604176A00912C35 /* HomeView.swift */; };
		C8A93AD42604177500912C35 /* ListView.swift in Sources */ = {isa = PBXBuildFile; fileRef = C8A93AD32604177500912C35 /* ListView.swift */; };
		C8A93AD8260418C100912C35 /* NeumorphicButtonStyle.swift in Sources */ = {isa = PBXBuildFile; fileRef = C8A93AD7260418C100912C35 /* NeumorphicButtonStyle.swift */; };
		C8A93ADD2604190A00912C35 /* Extensions.swift in Sources */ = {isa = PBXBuildFile; fileRef = C8A93ADC2604190A00912C35 /* Extensions.swift */; };
		C8E3D16C2606337A0001479F /* NeumorphicBackground.swift in Sources */ = {isa = PBXBuildFile; fileRef = C8E3D16B2606337A0001479F /* NeumorphicBackground.swift */; };
		C8F0570E2604ED82002A8C39 /* CustomTabBar.swift in Sources */ = {isa = PBXBuildFile; fileRef = C8F0570D2604ED82002A8C39 /* CustomTabBar.swift */; };
		C8F0571126050571002A8C39 /* NeumorphicSlider.swift in Sources */ = {isa = PBXBuildFile; fileRef = C8F0571026050571002A8C39 /* NeumorphicSlider.swift */; };
		C8F0571426058279002A8C39 /* ShowModifier.swift in Sources */ = {isa = PBXBuildFile; fileRef = C8F0571326058279002A8C39 /* ShowModifier.swift */; };
/* End PBXBuildFile section */

/* Begin PBXFileReference section */
		C81AA38C2607A7BF00313402 /* HomeViewSlider.swift */ = {isa = PBXFileReference; lastKnownFileType = sourcecode.swift; path = HomeViewSlider.swift; sourceTree = "<group>"; };
		C81AA38F2607A83400313402 /* HomeViewAddButton.swift */ = {isa = PBXFileReference; lastKnownFileType = sourcecode.swift; path = HomeViewAddButton.swift; sourceTree = "<group>"; };
		C81AA3922607A86B00313402 /* HomeViewExtraButtons.swift */ = {isa = PBXFileReference; lastKnownFileType = sourcecode.swift; path = HomeViewExtraButtons.swift; sourceTree = "<group>"; };
		C8A93ABB2604143B00912C35 /* dCalc.app */ = {isa = PBXFileReference; explicitFileType = wrapper.application; includeInIndex = 0; path = dCalc.app; sourceTree = BUILT_PRODUCTS_DIR; };
		C8A93ABE2604143B00912C35 /* dCalcApp.swift */ = {isa = PBXFileReference; lastKnownFileType = sourcecode.swift; path = dCalcApp.swift; sourceTree = "<group>"; };
		C8A93AC02604143B00912C35 /* MainView.swift */ = {isa = PBXFileReference; lastKnownFileType = sourcecode.swift; path = MainView.swift; sourceTree = "<group>"; };
		C8A93AC22604143C00912C35 /* Assets.xcassets */ = {isa = PBXFileReference; lastKnownFileType = folder.assetcatalog; path = Assets.xcassets; sourceTree = "<group>"; };
		C8A93AC52604143C00912C35 /* Preview Assets.xcassets */ = {isa = PBXFileReference; lastKnownFileType = folder.assetcatalog; path = "Preview Assets.xcassets"; sourceTree = "<group>"; };
		C8A93AC72604143C00912C35 /* Info.plist */ = {isa = PBXFileReference; lastKnownFileType = text.plist.xml; path = Info.plist; sourceTree = "<group>"; };
		C8A93AD02604176A00912C35 /* HomeView.swift */ = {isa = PBXFileReference; lastKnownFileType = sourcecode.swift; path = HomeView.swift; sourceTree = "<group>"; };
		C8A93AD32604177500912C35 /* ListView.swift */ = {isa = PBXFileReference; lastKnownFileType = sourcecode.swift; path = ListView.swift; sourceTree = "<group>"; };
		C8A93AD7260418C100912C35 /* NeumorphicButtonStyle.swift */ = {isa = PBXFileReference; lastKnownFileType = sourcecode.swift; path = NeumorphicButtonStyle.swift; sourceTree = "<group>"; };
		C8A93ADC2604190A00912C35 /* Extensions.swift */ = {isa = PBXFileReference; lastKnownFileType = sourcecode.swift; path = Extensions.swift; sourceTree = "<group>"; };
		C8E3D16B2606337A0001479F /* NeumorphicBackground.swift */ = {isa = PBXFileReference; lastKnownFileType = sourcecode.swift; path = NeumorphicBackground.swift; sourceTree = "<group>"; };
		C8F0570D2604ED82002A8C39 /* CustomTabBar.swift */ = {isa = PBXFileReference; lastKnownFileType = sourcecode.swift; path = CustomTabBar.swift; sourceTree = "<group>"; };
		C8F0571026050571002A8C39 /* NeumorphicSlider.swift */ = {isa = PBXFileReference; lastKnownFileType = sourcecode.swift; path = NeumorphicSlider.swift; sourceTree = "<group>"; };
		C8F0571326058279002A8C39 /* ShowModifier.swift */ = {isa = PBXFileReference; lastKnownFileType = sourcecode.swift; path = ShowModifier.swift; sourceTree = "<group>"; };
/* End PBXFileReference section */

/* Begin PBXFrameworksBuildPhase section */
		C8A93AB82604143B00912C35 /* Frameworks */ = {
			isa = PBXFrameworksBuildPhase;
			buildActionMask = 2147483647;
			files = (
			);
			runOnlyForDeploymentPostprocessing = 0;
		};
/* End PBXFrameworksBuildPhase section */

/* Begin PBXGroup section */
		C8A93AB22604143B00912C35 = {
			isa = PBXGroup;
			children = (
				C8A93ABD2604143B00912C35 /* dCalc */,
				C8A93ABC2604143B00912C35 /* Products */,
			);
			sourceTree = "<group>";
		};
		C8A93ABC2604143B00912C35 /* Products */ = {
			isa = PBXGroup;
			children = (
				C8A93ABB2604143B00912C35 /* dCalc.app */,
			);
			name = Products;
			sourceTree = "<group>";
		};
		C8A93ABD2604143B00912C35 /* dCalc */ = {
			isa = PBXGroup;
			children = (
				C8A93ACE260416E900912C35 /* View */,
				C8A93ABE2604143B00912C35 /* dCalcApp.swift */,
				C8A93AC22604143C00912C35 /* Assets.xcassets */,
				C8A93AC72604143C00912C35 /* Info.plist */,
				C8A93AC42604143C00912C35 /* Preview Content */,
			);
			path = dCalc;
			sourceTree = "<group>";
		};
		C8A93AC42604143C00912C35 /* Preview Content */ = {
			isa = PBXGroup;
			children = (
				C8A93AC52604143C00912C35 /* Preview Assets.xcassets */,
			);
			path = "Preview Content";
			sourceTree = "<group>";
		};
		C8A93ACE260416E900912C35 /* View */ = {
			isa = PBXGroup;
			children = (
				C8E3D1712606341E0001479F /* NeumorphicViews */,
				C8F0570C2604ED6D002A8C39 /* MainViews */,
				C8A93ADB260418CB00912C35 /* Util */,
				C8A93AD6260418A200912C35 /* HomeViews */,
				C8A93AD32604177500912C35 /* ListView.swift */,
			);
			path = View;
			sourceTree = "<group>";
		};
		C8A93AD6260418A200912C35 /* HomeViews */ = {
			isa = PBXGroup;
			children = (
				C8A93AD02604176A00912C35 /* HomeView.swift */,
				C81AA3922607A86B00313402 /* HomeViewExtraButtons.swift */,
				C81AA38F2607A83400313402 /* HomeViewAddButton.swift */,
				C81AA38C2607A7BF00313402 /* HomeViewSlider.swift */,
			);
			path = HomeViews;
			sourceTree = "<group>";
		};
		C8A93ADB260418CB00912C35 /* Util */ = {
			isa = PBXGroup;
			children = (
				C8A93ADC2604190A00912C35 /* Extensions.swift */,
				C8F0571326058279002A8C39 /* ShowModifier.swift */,
			);
			path = Util;
			sourceTree = "<group>";
		};
		C8E3D1712606341E0001479F /* NeumorphicViews */ = {
			isa = PBXGroup;
			children = (
				C8E3D16B2606337A0001479F /* NeumorphicBackground.swift */,
				C8A93AD7260418C100912C35 /* NeumorphicButtonStyle.swift */,
				C8F0571026050571002A8C39 /* NeumorphicSlider.swift */,
			);
			path = NeumorphicViews;
			sourceTree = "<group>";
		};
		C8F0570C2604ED6D002A8C39 /* MainViews */ = {
			isa = PBXGroup;
			children = (
				C8A93AC02604143B00912C35 /* MainView.swift */,
				C8F0570D2604ED82002A8C39 /* CustomTabBar.swift */,
			);
			path = MainViews;
			sourceTree = "<group>";
		};
/* End PBXGroup section */

/* Begin PBXNativeTarget section */
		C8A93ABA2604143B00912C35 /* dCalc */ = {
			isa = PBXNativeTarget;
			buildConfigurationList = C8A93ACA2604143C00912C35 /* Build configuration list for PBXNativeTarget "dCalc" */;
			buildPhases = (
				C8A93AB72604143B00912C35 /* Sources */,
				C8A93AB82604143B00912C35 /* Frameworks */,
				C8A93AB92604143B00912C35 /* Resources */,
			);
			buildRules = (
			);
			dependencies = (
			);
			name = dCalc;
			productName = dCalc;
			productReference = C8A93ABB2604143B00912C35 /* dCalc.app */;
			productType = "com.apple.product-type.application";
		};
/* End PBXNativeTarget section */

/* Begin PBXProject section */
		C8A93AB32604143B00912C35 /* Project object */ = {
			isa = PBXProject;
			attributes = {
				LastSwiftUpdateCheck = 1240;
				LastUpgradeCheck = 1240;
				TargetAttributes = {
					C8A93ABA2604143B00912C35 = {
						CreatedOnToolsVersion = 12.4;
					};
				};
			};
			buildConfigurationList = C8A93AB62604143B00912C35 /* Build configuration list for PBXProject "dCalc" */;
			compatibilityVersion = "Xcode 9.3";
			developmentRegion = en;
			hasScannedForEncodings = 0;
			knownRegions = (
				en,
				Base,
			);
			mainGroup = C8A93AB22604143B00912C35;
			productRefGroup = C8A93ABC2604143B00912C35 /* Products */;
			projectDirPath = "";
			projectRoot = "";
			targets = (
				C8A93ABA2604143B00912C35 /* dCalc */,
			);
		};
/* End PBXProject section */

/* Begin PBXResourcesBuildPhase section */
		C8A93AB92604143B00912C35 /* Resources */ = {
			isa = PBXResourcesBuildPhase;
			buildActionMask = 2147483647;
			files = (
				C8A93AC62604143C00912C35 /* Preview Assets.xcassets in Resources */,
				C8A93AC32604143C00912C35 /* Assets.xcassets in Resources */,
			);
			runOnlyForDeploymentPostprocessing = 0;
		};
/* End PBXResourcesBuildPhase section */

/* Begin PBXSourcesBuildPhase section */
		C8A93AB72604143B00912C35 /* Sources */ = {
			isa = PBXSourcesBuildPhase;
			buildActionMask = 2147483647;
			files = (
				C8A93AD42604177500912C35 /* ListView.swift in Sources */,
				C8E3D16C2606337A0001479F /* NeumorphicBackground.swift in Sources */,
				C8F0571426058279002A8C39 /* ShowModifier.swift in Sources */,
				C8A93ADD2604190A00912C35 /* Extensions.swift in Sources */,
				C8F0570E2604ED82002A8C39 /* CustomTabBar.swift in Sources */,
				C8A93AD8260418C100912C35 /* NeumorphicButtonStyle.swift in Sources */,
				C8A93AD12604176A00912C35 /* HomeView.swift in Sources */,
				C81AA3902607A83400313402 /* HomeViewAddButton.swift in Sources */,
				C8A93AC12604143B00912C35 /* MainView.swift in Sources */,
				C81AA38D2607A7BF00313402 /* HomeViewSlider.swift in Sources */,
				C8F0571126050571002A8C39 /* NeumorphicSlider.swift in Sources */,
				C8A93ABF2604143B00912C35 /* dCalcApp.swift in Sources */,
				C81AA3932607A86B00313402 /* HomeViewExtraButtons.swift in Sources */,
			);
			runOnlyForDeploymentPostprocessing = 0;
		};
/* End PBXSourcesBuildPhase section */

/* Begin XCBuildConfiguration section */
		C8A93AC82604143C00912C35 /* Debug */ = {
			isa = XCBuildConfiguration;
			buildSettings = {
				ALWAYS_SEARCH_USER_PATHS = NO;
				CLANG_ANALYZER_NONNULL = YES;
				CLANG_ANALYZER_NUMBER_OBJECT_CONVERSION = YES_AGGRESSIVE;
				CLANG_CXX_LANGUAGE_STANDARD = "gnu++14";
				CLANG_CXX_LIBRARY = "libc++";
				CLANG_ENABLE_MODULES = YES;
				CLANG_ENABLE_OBJC_ARC = YES;
				CLANG_ENABLE_OBJC_WEAK = YES;
				CLANG_WARN_BLOCK_CAPTURE_AUTORELEASING = YES;
				CLANG_WARN_BOOL_CONVERSION = YES;
				CLANG_WARN_COMMA = YES;
				CLANG_WARN_CONSTANT_CONVERSION = YES;
				CLANG_WARN_DEPRECATED_OBJC_IMPLEMENTATIONS = YES;
				CLANG_WARN_DIRECT_OBJC_ISA_USAGE = YES_ERROR;
				CLANG_WARN_DOCUMENTATION_COMMENTS = YES;
				CLANG_WARN_EMPTY_BODY = YES;
				CLANG_WARN_ENUM_CONVERSION = YES;
				CLANG_WARN_INFINITE_RECURSION = YES;
				CLANG_WARN_INT_CONVERSION = YES;
				CLANG_WARN_NON_LITERAL_NULL_CONVERSION = YES;
				CLANG_WARN_OBJC_IMPLICIT_RETAIN_SELF = YES;
				CLANG_WARN_OBJC_LITERAL_CONVERSION = YES;
				CLANG_WARN_OBJC_ROOT_CLASS = YES_ERROR;
				CLANG_WARN_QUOTED_INCLUDE_IN_FRAMEWORK_HEADER = YES;
				CLANG_WARN_RANGE_LOOP_ANALYSIS = YES;
				CLANG_WARN_STRICT_PROTOTYPES = YES;
				CLANG_WARN_SUSPICIOUS_MOVE = YES;
				CLANG_WARN_UNGUARDED_AVAILABILITY = YES_AGGRESSIVE;
				CLANG_WARN_UNREACHABLE_CODE = YES;
				CLANG_WARN__DUPLICATE_METHOD_MATCH = YES;
				COPY_PHASE_STRIP = NO;
				DEBUG_INFORMATION_FORMAT = dwarf;
				ENABLE_STRICT_OBJC_MSGSEND = YES;
				ENABLE_TESTABILITY = YES;
				GCC_C_LANGUAGE_STANDARD = gnu11;
				GCC_DYNAMIC_NO_PIC = NO;
				GCC_NO_COMMON_BLOCKS = YES;
				GCC_OPTIMIZATION_LEVEL = 0;
				GCC_PREPROCESSOR_DEFINITIONS = (
					"DEBUG=1",
					"$(inherited)",
				);
				GCC_WARN_64_TO_32_BIT_CONVERSION = YES;
				GCC_WARN_ABOUT_RETURN_TYPE = YES_ERROR;
				GCC_WARN_UNDECLARED_SELECTOR = YES;
				GCC_WARN_UNINITIALIZED_AUTOS = YES_AGGRESSIVE;
				GCC_WARN_UNUSED_FUNCTION = YES;
				GCC_WARN_UNUSED_VARIABLE = YES;
				IPHONEOS_DEPLOYMENT_TARGET = 14.4;
				MTL_ENABLE_DEBUG_INFO = INCLUDE_SOURCE;
				MTL_FAST_MATH = YES;
				ONLY_ACTIVE_ARCH = YES;
				SDKROOT = iphoneos;
				SWIFT_ACTIVE_COMPILATION_CONDITIONS = DEBUG;
				SWIFT_OPTIMIZATION_LEVEL = "-Onone";
			};
			name = Debug;
		};
		C8A93AC92604143C00912C35 /* Release */ = {
			isa = XCBuildConfiguration;
			buildSettings = {
				ALWAYS_SEARCH_USER_PATHS = NO;
				CLANG_ANALYZER_NONNULL = YES;
				CLANG_ANALYZER_NUMBER_OBJECT_CONVERSION = YES_AGGRESSIVE;
				CLANG_CXX_LANGUAGE_STANDARD = "gnu++14";
				CLANG_CXX_LIBRARY = "libc++";
				CLANG_ENABLE_MODULES = YES;
				CLANG_ENABLE_OBJC_ARC = YES;
				CLANG_ENABLE_OBJC_WEAK = YES;
				CLANG_WARN_BLOCK_CAPTURE_AUTORELEASING = YES;
				CLANG_WARN_BOOL_CONVERSION = YES;
				CLANG_WARN_COMMA = YES;
				CLANG_WARN_CONSTANT_CONVERSION = YES;
				CLANG_WARN_DEPRECATED_OBJC_IMPLEMENTATIONS = YES;
				CLANG_WARN_DIRECT_OBJC_ISA_USAGE = YES_ERROR;
				CLANG_WARN_DOCUMENTATION_COMMENTS = YES;
				CLANG_WARN_EMPTY_BODY = YES;
				CLANG_WARN_ENUM_CONVERSION = YES;
				CLANG_WARN_INFINITE_RECURSION = YES;
				CLANG_WARN_INT_CONVERSION = YES;
				CLANG_WARN_NON_LITERAL_NULL_CONVERSION = YES;
				CLANG_WARN_OBJC_IMPLICIT_RETAIN_SELF = YES;
				CLANG_WARN_OBJC_LITERAL_CONVERSION = YES;
				CLANG_WARN_OBJC_ROOT_CLASS = YES_ERROR;
				CLANG_WARN_QUOTED_INCLUDE_IN_FRAMEWORK_HEADER = YES;
				CLANG_WARN_RANGE_LOOP_ANALYSIS = YES;
				CLANG_WARN_STRICT_PROTOTYPES = YES;
				CLANG_WARN_SUSPICIOUS_MOVE = YES;
				CLANG_WARN_UNGUARDED_AVAILABILITY = YES_AGGRESSIVE;
				CLANG_WARN_UNREACHABLE_CODE = YES;
				CLANG_WARN__DUPLICATE_METHOD_MATCH = YES;
				COPY_PHASE_STRIP = NO;
				DEBUG_INFORMATION_FORMAT = "dwarf-with-dsym";
				ENABLE_NS_ASSERTIONS = NO;
				ENABLE_STRICT_OBJC_MSGSEND = YES;
				GCC_C_LANGUAGE_STANDARD = gnu11;
				GCC_NO_COMMON_BLOCKS = YES;
				GCC_WARN_64_TO_32_BIT_CONVERSION = YES;
				GCC_WARN_ABOUT_RETURN_TYPE = YES_ERROR;
				GCC_WARN_UNDECLARED_SELECTOR = YES;
				GCC_WARN_UNINITIALIZED_AUTOS = YES_AGGRESSIVE;
				GCC_WARN_UNUSED_FUNCTION = YES;
				GCC_WARN_UNUSED_VARIABLE = YES;
				IPHONEOS_DEPLOYMENT_TARGET = 14.4;
				MTL_ENABLE_DEBUG_INFO = NO;
				MTL_FAST_MATH = YES;
				SDKROOT = iphoneos;
				SWIFT_COMPILATION_MODE = wholemodule;
				SWIFT_OPTIMIZATION_LEVEL = "-O";
				VALIDATE_PRODUCT = YES;
			};
			name = Release;
		};
		C8A93ACB2604143C00912C35 /* Debug */ = {
			isa = XCBuildConfiguration;
			buildSettings = {
				ASSETCATALOG_COMPILER_APPICON_NAME = AppIcon;
				ASSETCATALOG_COMPILER_GLOBAL_ACCENT_COLOR_NAME = AccentColor;
				CODE_SIGN_STYLE = Automatic;
				DEVELOPMENT_ASSET_PATHS = "\"dCalc/Preview Content\"";
				DEVELOPMENT_TEAM = P92M2Q4MMM;
				ENABLE_PREVIEWS = YES;
				INFOPLIST_FILE = dCalc/Info.plist;
				IPHONEOS_DEPLOYMENT_TARGET = 14.0;
				LD_RUNPATH_SEARCH_PATHS = (
					"$(inherited)",
					"@executable_path/Frameworks",
				);
				PRODUCT_BUNDLE_IDENTIFIER = com.DanielRybak.dCalc;
				PRODUCT_NAME = "$(TARGET_NAME)";
				SWIFT_VERSION = 5.0;
				TARGETED_DEVICE_FAMILY = "1,2";
			};
			name = Debug;
		};
		C8A93ACC2604143C00912C35 /* Release */ = {
			isa = XCBuildConfiguration;
			buildSettings = {
				ASSETCATALOG_COMPILER_APPICON_NAME = AppIcon;
				ASSETCATALOG_COMPILER_GLOBAL_ACCENT_COLOR_NAME = AccentColor;
				CODE_SIGN_STYLE = Automatic;
				DEVELOPMENT_ASSET_PATHS = "\"dCalc/Preview Content\"";
				DEVELOPMENT_TEAM = P92M2Q4MMM;
				ENABLE_PREVIEWS = YES;
				INFOPLIST_FILE = dCalc/Info.plist;
				IPHONEOS_DEPLOYMENT_TARGET = 14.0;
				LD_RUNPATH_SEARCH_PATHS = (
					"$(inherited)",
					"@executable_path/Frameworks",
				);
				PRODUCT_BUNDLE_IDENTIFIER = com.DanielRybak.dCalc;
				PRODUCT_NAME = "$(TARGET_NAME)";
				SWIFT_VERSION = 5.0;
				TARGETED_DEVICE_FAMILY = "1,2";
			};
			name = Release;
		};
/* End XCBuildConfiguration section */

/* Begin XCConfigurationList section */
		C8A93AB62604143B00912C35 /* Build configuration list for PBXProject "dCalc" */ = {
			isa = XCConfigurationList;
			buildConfigurations = (
				C8A93AC82604143C00912C35 /* Debug */,
				C8A93AC92604143C00912C35 /* Release */,
			);
			defaultConfigurationIsVisible = 0;
			defaultConfigurationName = Release;
		};
		C8A93ACA2604143C00912C35 /* Build configuration list for PBXNativeTarget "dCalc" */ = {
			isa = XCConfigurationList;
			buildConfigurations = (
				C8A93ACB2604143C00912C35 /* Debug */,
				C8A93ACC2604143C00912C35 /* Release */,
			);
			defaultConfigurationIsVisible = 0;
			defaultConfigurationName = Release;
		};
/* End XCConfigurationList section */
	};
	rootObject = C8A93AB32604143B00912C35 /* Project object */;
}
